
Microsoft Visual Studio Solution File, Format Version 12.00
# Visual Studio Version 17
VisualStudioVersion = 17.4.33205.214
MinimumVisualStudioVersion = 10.0.40219.1
Project("{9A19103F-16F7-4668-BE54-9A1E7A4F7556}") = "SocialNetwork", "SocialNetwork\SocialNetwork.csproj", "{6E518B6E-DFD6-46B7-826C-B8BD5C91662B}"
EndProject
Project("{FAE04EC0-301F-11D3-BF4B-00C04F79EFBC}") = "Data", "Data\Data.csproj", "{935CAFF8-3030-4955-8D8B-312489DB13EC}"
EndProject
Global
	GlobalSection(SolutionConfigurationPlatforms) = preSolution
		Debug|Any CPU = Debug|Any CPU
		Release|Any CPU = Release|Any CPU
	EndGlobalSection
	GlobalSection(ProjectConfigurationPlatforms) = postSolution
		{6E518B6E-DFD6-46B7-826C-B8BD5C91662B}.Debug|Any CPU.ActiveCfg = Debug|Any CPU
		{6E518B6E-DFD6-46B7-826C-B8BD5C91662B}.Debug|Any CPU.Build.0 = Debug|Any CPU
		{6E518B6E-DFD6-46B7-826C-B8BD5C91662B}.Release|Any CPU.ActiveCfg = Release|Any CPU
		{6E518B6E-DFD6-46B7-826C-B8BD5C91662B}.Release|Any CPU.Build.0 = Release|Any CPU
		{935CAFF8-3030-4955-8D8B-312489DB13EC}.Debug|Any CPU.ActiveCfg = Debug|Any CPU
		{935CAFF8-3030-4955-8D8B-312489DB13EC}.Debug|Any CPU.Build.0 = Debug|Any CPU
		{935CAFF8-3030-4955-8D8B-312489DB13EC}.Release|Any CPU.ActiveCfg = Release|Any CPU
		{935CAFF8-3030-4955-8D8B-312489DB13EC}.Release|Any CPU.Build.0 = Release|Any CPU
	EndGlobalSection
	GlobalSection(SolutionProperties) = preSolution
		HideSolutionNode = FALSE
	EndGlobalSection
	GlobalSection(ExtensibilityGlobals) = postSolution
		SolutionGuid = {41FFEBA0-07A6-4D31-B30C-93E94EF245D6}
	EndGlobalSection
EndGlobal
